<?xml version="1.0" encoding="utf-8"?>
<Project ToolsVersion="4.0" xmlns="http://schemas.microsoft.com/developer/msbuild/2003">
  <ItemGroup>
    <Filter Include="Archivos de origen">
      <UniqueIdentifier>{4FC737F1-C7A5-4376-A066-2A32D752A2FF}</UniqueIdentifier>
      <Extensions>cpp;c;cc;cxx;c++;cppm;ixx;def;odl;idl;hpj;bat;asm;asmx</Extensions>
    </Filter>
    <Filter Include="Archivos de encabezado">
      <UniqueIdentifier>{93995380-89BD-4b04-88EB-625FBE52EBFB}</UniqueIdentifier>
      <Extensions>h;hh;hpp;hxx;h++;hm;inl;inc;ipp;xsd</Extensions>
    </Filter>
    <Filter Include="Archivos de recursos">
      <UniqueIdentifier>{67DA6AB6-F800-4c08-8B7A-83BB121AAD01}</UniqueIdentifier>
      <Extensions>rc;ico;cur;bmp;dlg;rc2;rct;bin;rgs;gif;jpg;jpeg;jpe;resx;tiff;tif;png;wav;mfcribbon-ms</Extensions>
    </Filter>
    <Filter Include="Lineal">
      <UniqueIdentifier>{ad6ff844-d13c-4b0d-8e3a-aadac9adf42b}</UniqueIdentifier>
    </Filter>
    <Filter Include="NoLineal">
      <UniqueIdentifier>{f59cb8b1-7ddc-4513-9c42-35ecf37eeaed}</UniqueIdentifier>
    </Filter>
  </ItemGroup>
  <ItemGroup>
    <ClCompile Include="main.cpp">
      <Filter>Archivos de origen</Filter>
    </ClCompile>
    <ClCompile Include="CircularArray.hpp">
      <Filter>Lineal</Filter>
    </ClCompile>
  </ItemGroup>
  <ItemGroup>
    <ClInclude Include="testUtils.hpp">
      <Filter>Archivos de encabezado</Filter>
    </ClInclude>
    <ClInclude Include="miscellaneous.hpp">
      <Filter>Archivos de encabezado</Filter>
    </ClInclude>
    <ClInclude Include="DinamicArray.hpp">
      <Filter>Lineal</Filter>
    </ClInclude>
    <ClInclude Include="IList.hpp">
      <Filter>Lineal</Filter>
    </ClInclude>
    <ClInclude Include="LinkedListD.hpp">
      <Filter>Lineal</Filter>
    </ClInclude>
    <ClInclude Include="LinkedListS.hpp">
      <Filter>Lineal</Filter>
    </ClInclude>
    <ClInclude Include="LinkedListT.hpp">
      <Filter>Lineal</Filter>
    </ClInclude>
    <ClInclude Include="Queue.hpp">
      <Filter>Lineal</Filter>
    </ClInclude>
    <ClInclude Include="Stack.hpp">
      <Filter>Lineal</Filter>
    </ClInclude>
    <ClInclude Include="StaticArray.hpp">
      <Filter>Lineal</Filter>
    </ClInclude>
    <ClInclude Include="SortedList.hpp">
      <Filter>Lineal</Filter>
    </ClInclude>
    <ClInclude Include="Tree.hpp">
      <Filter>NoLineal</Filter>
    </ClInclude>
    <ClInclude Include="OLinkedListS.hpp">
      <Filter>Lineal</Filter>
    </ClInclude>
    <ClInclude Include="Heap.hpp">
      <Filter>NoLineal</Filter>
    </ClInclude>
    <ClInclude Include="DisjunctSets.hpp">
      <Filter>NoLineal</Filter>
    </ClInclude>
    <ClInclude Include="AVLTree.hpp">
      <Filter>NoLineal</Filter>
    </ClInclude>
  </ItemGroup>
</Project>